
Microsoft Visual Studio Solution File, Format Version 12.00
# Visual Studio 15
VisualStudioVersion = 15.0.28307.645
MinimumVisualStudioVersion = 10.0.40219.1
Project("{FAE04EC0-301F-11D3-BF4B-00C04F79EFBC}") = "WebServiceMetricsAPI", "WebServiceMetricsAPI\WebServiceMetricsAPI.csproj", "{A9ECDAD1-514D-488E-BF4A-1A45C63A041F}"
EndProject
Global
	GlobalSection(SolutionConfigurationPlatforms) = preSolution
		Debug|Any CPU = Debug|Any CPU
		Release|Any CPU = Release|Any CPU
	EndGlobalSection
	GlobalSection(ProjectConfigurationPlatforms) = postSolution
		{A9ECDAD1-514D-488E-BF4A-1A45C63A041F}.Debug|Any CPU.ActiveCfg = Debug|Any CPU
		{A9ECDAD1-514D-488E-BF4A-1A45C63A041F}.Debug|Any CPU.Build.0 = Debug|Any CPU
		{A9ECDAD1-514D-488E-BF4A-1A45C63A041F}.Release|Any CPU.ActiveCfg = Release|Any CPU
		{A9ECDAD1-514D-488E-BF4A-1A45C63A041F}.Release|Any CPU.Build.0 = Release|Any CPU
	EndGlobalSection
	GlobalSection(SolutionProperties) = preSolution
		HideSolutionNode = FALSE
	EndGlobalSection
	GlobalSection(ExtensibilityGlobals) = postSolution
		SolutionGuid = {6F1E96E4-BD62-4411-A94F-A7DEE1267B9E}
	EndGlobalSection
EndGlobal
